// !$*UTF8*$!
{
	archiveVersion = 1;
	classes = {
	};
	objectVersion = 50;
	objects = {

/* Begin PBXBuildFile section */
		526383C92531784E00B51FCD /* AppDelegate.swift in Sources */ = {isa = PBXBuildFile; fileRef = 526383C82531784E00B51FCD /* AppDelegate.swift */; };
		526383CB2531784E00B51FCD /* SceneDelegate.swift in Sources */ = {isa = PBXBuildFile; fileRef = 526383CA2531784E00B51FCD /* SceneDelegate.swift */; };
		526383CD2531784E00B51FCD /* ViewController.swift in Sources */ = {isa = PBXBuildFile; fileRef = 526383CC2531784E00B51FCD /* ViewController.swift */; };
		526383D02531784E00B51FCD /* Main.storyboard in Resources */ = {isa = PBXBuildFile; fileRef = 526383CE2531784E00B51FCD /* Main.storyboard */; };
		526383D22531785500B51FCD /* Assets.xcassets in Resources */ = {isa = PBXBuildFile; fileRef = 526383D12531785500B51FCD /* Assets.xcassets */; };
		526383D52531785500B51FCD /* LaunchScreen.storyboard in Resources */ = {isa = PBXBuildFile; fileRef = 526383D32531785500B51FCD /* LaunchScreen.storyboard */; };
		526383E02531785600B51FCD /* WeatherApp2_0Tests.swift in Sources */ = {isa = PBXBuildFile; fileRef = 526383DF2531785600B51FCD /* WeatherApp2_0Tests.swift */; };
		526383EB2531785600B51FCD /* WeatherApp2_0UITests.swift in Sources */ = {isa = PBXBuildFile; fileRef = 526383EA2531785600B51FCD /* WeatherApp2_0UITests.swift */; };
/* End PBXBuildFile section */

/* Begin PBXContainerItemProxy section */
		526383DC2531785600B51FCD /* PBXContainerItemProxy */ = {
			isa = PBXContainerItemProxy;
			containerPortal = 526383BD2531784E00B51FCD /* Project object */;
			proxyType = 1;
			remoteGlobalIDString = 526383C42531784E00B51FCD;
			remoteInfo = WeatherApp2.0;
		};
		526383E72531785600B51FCD /* PBXContainerItemProxy */ = {
			isa = PBXContainerItemProxy;
			containerPortal = 526383BD2531784E00B51FCD /* Project object */;
			proxyType = 1;
			remoteGlobalIDString = 526383C42531784E00B51FCD;
			remoteInfo = WeatherApp2.0;
		};
/* End PBXContainerItemProxy section */

/* Begin PBXFileReference section */
		526383C52531784E00B51FCD /* WeatherApp2.0.app */ = {isa = PBXFileReference; explicitFileType = wrapper.application; includeInIndex = 0; path = WeatherApp2.0.app; sourceTree = BUILT_PRODUCTS_DIR; };
		526383C82531784E00B51FCD /* AppDelegate.swift */ = {isa = PBXFileReference; lastKnownFileType = sourcecode.swift; path = AppDelegate.swift; sourceTree = "<group>"; };
		526383CA2531784E00B51FCD /* SceneDelegate.swift */ = {isa = PBXFileReference; lastKnownFileType = sourcecode.swift; path = SceneDelegate.swift; sourceTree = "<group>"; };
		526383CC2531784E00B51FCD /* ViewController.swift */ = {isa = PBXFileReference; lastKnownFileType = sourcecode.swift; path = ViewController.swift; sourceTree = "<group>"; };
		526383CF2531784E00B51FCD /* Base */ = {isa = PBXFileReference; lastKnownFileType = file.storyboard; name = Base; path = Base.lproj/Main.storyboard; sourceTree = "<group>"; };
		526383D12531785500B51FCD /* Assets.xcassets */ = {isa = PBXFileReference; lastKnownFileType = folder.assetcatalog; path = Assets.xcassets; sourceTree = "<group>"; };
		526383D42531785500B51FCD /* Base */ = {isa = PBXFileReference; lastKnownFileType = file.storyboard; name = Base; path = Base.lproj/LaunchScreen.storyboard; sourceTree = "<group>"; };
		526383D62531785500B51FCD /* Info.plist */ = {isa = PBXFileReference; lastKnownFileType = text.plist.xml; path = Info.plist; sourceTree = "<group>"; };
		526383DB2531785600B51FCD /* WeatherApp2.0Tests.xctest */ = {isa = PBXFileReference; explicitFileType = wrapper.cfbundle; includeInIndex = 0; path = WeatherApp2.0Tests.xctest; sourceTree = BUILT_PRODUCTS_DIR; };
		526383DF2531785600B51FCD /* WeatherApp2_0Tests.swift */ = {isa = PBXFileReference; lastKnownFileType = sourcecode.swift; path = WeatherApp2_0Tests.swift; sourceTree = "<group>"; };
		526383E12531785600B51FCD /* Info.plist */ = {isa = PBXFileReference; lastKnownFileType = text.plist.xml; path = Info.plist; sourceTree = "<group>"; };
		526383E62531785600B51FCD /* WeatherApp2.0UITests.xctest */ = {isa = PBXFileReference; explicitFileType = wrapper.cfbundle; includeInIndex = 0; path = WeatherApp2.0UITests.xctest; sourceTree = BUILT_PRODUCTS_DIR; };
		526383EA2531785600B51FCD /* WeatherApp2_0UITests.swift */ = {isa = PBXFileReference; lastKnownFileType = sourcecode.swift; path = WeatherApp2_0UITests.swift; sourceTree = "<group>"; };
		526383EC2531785600B51FCD /* Info.plist */ = {isa = PBXFileReference; lastKnownFileType = text.plist.xml; path = Info.plist; sourceTree = "<group>"; };
/* End PBXFileReference section */

/* Begin PBXFrameworksBuildPhase section */
		526383C22531784E00B51FCD /* Frameworks */ = {
			isa = PBXFrameworksBuildPhase;
			buildActionMask = 2147483647;
			files = (
			);
			runOnlyForDeploymentPostprocessing = 0;
		};
		526383D82531785600B51FCD /* Frameworks */ = {
			isa = PBXFrameworksBuildPhase;
			buildActionMask = 2147483647;
			files = (
			);
			runOnlyForDeploymentPostprocessing = 0;
		};
		526383E32531785600B51FCD /* Frameworks */ = {
			isa = PBXFrameworksBuildPhase;
			buildActionMask = 2147483647;
			files = (
			);
			runOnlyForDeploymentPostprocessing = 0;
		};
/* End PBXFrameworksBuildPhase section */

/* Begin PBXGroup section */
		526383BC2531784E00B51FCD = {
			isa = PBXGroup;
			children = (
				526383C72531784E00B51FCD /* WeatherApp2.0 */,
				526383DE2531785600B51FCD /* WeatherApp2.0Tests */,
				526383E92531785600B51FCD /* WeatherApp2.0UITests */,
				526383C62531784E00B51FCD /* Products */,
			);
			sourceTree = "<group>";
		};
		526383C62531784E00B51FCD /* Products */ = {
			isa = PBXGroup;
			children = (
				526383C52531784E00B51FCD /* WeatherApp2.0.app */,
				526383DB2531785600B51FCD /* WeatherApp2.0Tests.xctest */,
				526383E62531785600B51FCD /* WeatherApp2.0UITests.xctest */,
			);
			name = Products;
			sourceTree = "<group>";
		};
		526383C72531784E00B51FCD /* WeatherApp2.0 */ = {
			isa = PBXGroup;
			children = (
				526383C82531784E00B51FCD /* AppDelegate.swift */,
				526383CA2531784E00B51FCD /* SceneDelegate.swift */,
				526383CC2531784E00B51FCD /* ViewController.swift */,
				526383CE2531784E00B51FCD /* Main.storyboard */,
				526383D12531785500B51FCD /* Assets.xcassets */,
				526383D32531785500B51FCD /* LaunchScreen.storyboard */,
				526383D62531785500B51FCD /* Info.plist */,
			);
			path = WeatherApp2.0;
			sourceTree = "<group>";
		};
		526383DE2531785600B51FCD /* WeatherApp2.0Tests */ = {
			isa = PBXGroup;
			children = (
				526383DF2531785600B51FCD /* WeatherApp2_0Tests.swift */,
				526383E12531785600B51FCD /* Info.plist */,
			);
			path = WeatherApp2.0Tests;
			sourceTree = "<group>";
		};
		526383E92531785600B51FCD /* WeatherApp2.0UITests */ = {
			isa = PBXGroup;
			children = (
				526383EA2531785600B51FCD /* WeatherApp2_0UITests.swift */,
				526383EC2531785600B51FCD /* Info.plist */,
			);
			path = WeatherApp2.0UITests;
			sourceTree = "<group>";
		};
/* End PBXGroup section */

/* Begin PBXNativeTarget section */
		526383C42531784E00B51FCD /* WeatherApp2.0 */ = {
			isa = PBXNativeTarget;
			buildConfigurationList = 526383EF2531785600B51FCD /* Build configuration list for PBXNativeTarget "WeatherApp2.0" */;
			buildPhases = (
				526383C12531784E00B51FCD /* Sources */,
				526383C22531784E00B51FCD /* Frameworks */,
				526383C32531784E00B51FCD /* Resources */,
			);
			buildRules = (
			);
			dependencies = (
			);
			name = WeatherApp2.0;
			productName = WeatherApp2.0;
			productReference = 526383C52531784E00B51FCD /* WeatherApp2.0.app */;
			productType = "com.apple.product-type.application";
		};
		526383DA2531785600B51FCD /* WeatherApp2.0Tests */ = {
			isa = PBXNativeTarget;
			buildConfigurationList = 526383F22531785600B51FCD /* Build configuration list for PBXNativeTarget "WeatherApp2.0Tests" */;
			buildPhases = (
				526383D72531785600B51FCD /* Sources */,
				526383D82531785600B51FCD /* Frameworks */,
				526383D92531785600B51FCD /* Resources */,
			);
			buildRules = (
			);
			dependencies = (
				526383DD2531785600B51FCD /* PBXTargetDependency */,
			);
			name = WeatherApp2.0Tests;
			productName = WeatherApp2.0Tests;
			productReference = 526383DB2531785600B51FCD /* WeatherApp2.0Tests.xctest */;
			productType = "com.apple.product-type.bundle.unit-test";
		};
		526383E52531785600B51FCD /* WeatherApp2.0UITests */ = {
			isa = PBXNativeTarget;
			buildConfigurationList = 526383F52531785600B51FCD /* Build configuration list for PBXNativeTarget "WeatherApp2.0UITests" */;
			buildPhases = (
				526383E22531785600B51FCD /* Sources */,
				526383E32531785600B51FCD /* Frameworks */,
				526383E42531785600B51FCD /* Resources */,
			);
			buildRules = (
			);
			dependencies = (
				526383E82531785600B51FCD /* PBXTargetDependency */,
			);
			name = WeatherApp2.0UITests;
			productName = WeatherApp2.0UITests;
			productReference = 526383E62531785600B51FCD /* WeatherApp2.0UITests.xctest */;
			productType = "com.apple.product-type.bundle.ui-testing";
		};
/* End PBXNativeTarget section */

/* Begin PBXProject section */
		526383BD2531784E00B51FCD /* Project object */ = {
			isa = PBXProject;
			attributes = {
				LastSwiftUpdateCheck = 1200;
				LastUpgradeCheck = 1200;
				TargetAttributes = {
					526383C42531784E00B51FCD = {
						CreatedOnToolsVersion = 12.0.1;
					};
					526383DA2531785600B51FCD = {
						CreatedOnToolsVersion = 12.0.1;
						TestTargetID = 526383C42531784E00B51FCD;
					};
					526383E52531785600B51FCD = {
						CreatedOnToolsVersion = 12.0.1;
						TestTargetID = 526383C42531784E00B51FCD;
					};
				};
			};
			buildConfigurationList = 526383C02531784E00B51FCD /* Build configuration list for PBXProject "WeatherApp2.0" */;
			compatibilityVersion = "Xcode 9.3";
			developmentRegion = en;
			hasScannedForEncodings = 0;
			knownRegions = (
				en,
				Base,
			);
			mainGroup = 526383BC2531784E00B51FCD;
			productRefGroup = 526383C62531784E00B51FCD /* Products */;
			projectDirPath = "";
			projectRoot = "";
			targets = (
				526383C42531784E00B51FCD /* WeatherApp2.0 */,
				526383DA2531785600B51FCD /* WeatherApp2.0Tests */,
				526383E52531785600B51FCD /* WeatherApp2.0UITests */,
			);
		};
/* End PBXProject section */

/* Begin PBXResourcesBuildPhase section */
		526383C32531784E00B51FCD /* Resources */ = {
			isa = PBXResourcesBuildPhase;
			buildActionMask = 2147483647;
			files = (
				526383D52531785500B51FCD /* LaunchScreen.storyboard in Resources */,
				526383D22531785500B51FCD /* Assets.xcassets in Resources */,
				526383D02531784E00B51FCD /* Main.storyboard in Resources */,
			);
			runOnlyForDeploymentPostprocessing = 0;
		};
		526383D92531785600B51FCD /* Resources */ = {
			isa = PBXResourcesBuildPhase;
			buildActionMask = 2147483647;
			files = (
			);
			runOnlyForDeploymentPostprocessing = 0;
		};
		526383E42531785600B51FCD /* Resources */ = {
			isa = PBXResourcesBuildPhase;
			buildActionMask = 2147483647;
			files = (
			);
			runOnlyForDeploymentPostprocessing = 0;
		};
/* End PBXResourcesBuildPhase section */

/* Begin PBXSourcesBuildPhase section */
		526383C12531784E00B51FCD /* Sources */ = {
			isa = PBXSourcesBuildPhase;
			buildActionMask = 2147483647;
			files = (
				526383CD2531784E00B51FCD /* ViewController.swift in Sources */,
				526383C92531784E00B51FCD /* AppDelegate.swift in Sources */,
				526383CB2531784E00B51FCD /* SceneDelegate.swift in Sources */,
			);
			runOnlyForDeploymentPostprocessing = 0;
		};
		526383D72531785600B51FCD /* Sources */ = {
			isa = PBXSourcesBuildPhase;
			buildActionMask = 2147483647;
			files = (
				526383E02531785600B51FCD /* WeatherApp2_0Tests.swift in Sources */,
			);
			runOnlyForDeploymentPostprocessing = 0;
		};
		526383E22531785600B51FCD /* Sources */ = {
			isa = PBXSourcesBuildPhase;
			buildActionMask = 2147483647;
			files = (
				526383EB2531785600B51FCD /* WeatherApp2_0UITests.swift in Sources */,
			);
			runOnlyForDeploymentPostprocessing = 0;
		};
/* End PBXSourcesBuildPhase section */

/* Begin PBXTargetDependency section */
		526383DD2531785600B51FCD /* PBXTargetDependency */ = {
			isa = PBXTargetDependency;
			target = 526383C42531784E00B51FCD /* WeatherApp2.0 */;
			targetProxy = 526383DC2531785600B51FCD /* PBXContainerItemProxy */;
		};
		526383E82531785600B51FCD /* PBXTargetDependency */ = {
			isa = PBXTargetDependency;
			target = 526383C42531784E00B51FCD /* WeatherApp2.0 */;
			targetProxy = 526383E72531785600B51FCD /* PBXContainerItemProxy */;
		};
/* End PBXTargetDependency section */

/* Begin PBXVariantGroup section */
		526383CE2531784E00B51FCD /* Main.storyboard */ = {
			isa = PBXVariantGroup;
			children = (
				526383CF2531784E00B51FCD /* Base */,
			);
			name = Main.storyboard;
			sourceTree = "<group>";
		};
		526383D32531785500B51FCD /* LaunchScreen.storyboard */ = {
			isa = PBXVariantGroup;
			children = (
				526383D42531785500B51FCD /* Base */,
			);
			name = LaunchScreen.storyboard;
			sourceTree = "<group>";
		};
/* End PBXVariantGroup section */

/* Begin XCBuildConfiguration section */
		526383ED2531785600B51FCD /* Debug */ = {
			isa = XCBuildConfiguration;
			buildSettings = {
				ALWAYS_SEARCH_USER_PATHS = NO;
				CLANG_ANALYZER_NONNULL = YES;
				CLANG_ANALYZER_NUMBER_OBJECT_CONVERSION = YES_AGGRESSIVE;
				CLANG_CXX_LANGUAGE_STANDARD = "gnu++14";
				CLANG_CXX_LIBRARY = "libc++";
				CLANG_ENABLE_MODULES = YES;
				CLANG_ENABLE_OBJC_ARC = YES;
				CLANG_ENABLE_OBJC_WEAK = YES;
				CLANG_WARN_BLOCK_CAPTURE_AUTORELEASING = YES;
				CLANG_WARN_BOOL_CONVERSION = YES;
				CLANG_WARN_COMMA = YES;
				CLANG_WARN_CONSTANT_CONVERSION = YES;
				CLANG_WARN_DEPRECATED_OBJC_IMPLEMENTATIONS = YES;
				CLANG_WARN_DIRECT_OBJC_ISA_USAGE = YES_ERROR;
				CLANG_WARN_DOCUMENTATION_COMMENTS = YES;
				CLANG_WARN_EMPTY_BODY = YES;
				CLANG_WARN_ENUM_CONVERSION = YES;
				CLANG_WARN_INFINITE_RECURSION = YES;
				CLANG_WARN_INT_CONVERSION = YES;
				CLANG_WARN_NON_LITERAL_NULL_CONVERSION = YES;
				CLANG_WARN_OBJC_IMPLICIT_RETAIN_SELF = YES;
				CLANG_WARN_OBJC_LITERAL_CONVERSION = YES;
				CLANG_WARN_OBJC_ROOT_CLASS = YES_ERROR;
				CLANG_WARN_QUOTED_INCLUDE_IN_FRAMEWORK_HEADER = YES;
				CLANG_WARN_RANGE_LOOP_ANALYSIS = YES;
				CLANG_WARN_STRICT_PROTOTYPES = YES;
				CLANG_WARN_SUSPICIOUS_MOVE = YES;
				CLANG_WARN_UNGUARDED_AVAILABILITY = YES_AGGRESSIVE;
				CLANG_WARN_UNREACHABLE_CODE = YES;
				CLANG_WARN__DUPLICATE_METHOD_MATCH = YES;
				COPY_PHASE_STRIP = NO;
				DEBUG_INFORMATION_FORMAT = dwarf;
				ENABLE_STRICT_OBJC_MSGSEND = YES;
				ENABLE_TESTABILITY = YES;
				GCC_C_LANGUAGE_STANDARD = gnu11;
				GCC_DYNAMIC_NO_PIC = NO;
				GCC_NO_COMMON_BLOCKS = YES;
				GCC_OPTIMIZATION_LEVEL = 0;
				GCC_PREPROCESSOR_DEFINITIONS = (
					"DEBUG=1",
					"$(inherited)",
				);
				GCC_WARN_64_TO_32_BIT_CONVERSION = YES;
				GCC_WARN_ABOUT_RETURN_TYPE = YES_ERROR;
				GCC_WARN_UNDECLARED_SELECTOR = YES;
				GCC_WARN_UNINITIALIZED_AUTOS = YES_AGGRESSIVE;
				GCC_WARN_UNUSED_FUNCTION = YES;
				GCC_WARN_UNUSED_VARIABLE = YES;
				IPHONEOS_DEPLOYMENT_TARGET = 14.0;
				MTL_ENABLE_DEBUG_INFO = INCLUDE_SOURCE;
				MTL_FAST_MATH = YES;
				ONLY_ACTIVE_ARCH = YES;
				SDKROOT = iphoneos;
				SWIFT_ACTIVE_COMPILATION_CONDITIONS = DEBUG;
				SWIFT_OPTIMIZATION_LEVEL = "-Onone";
			};
			name = Debug;
		};
		526383EE2531785600B51FCD /* Release */ = {
			isa = XCBuildConfiguration;
			buildSettings = {
				ALWAYS_SEARCH_USER_PATHS = NO;
				CLANG_ANALYZER_NONNULL = YES;
				CLANG_ANALYZER_NUMBER_OBJECT_CONVERSION = YES_AGGRESSIVE;
				CLANG_CXX_LANGUAGE_STANDARD = "gnu++14";
				CLANG_CXX_LIBRARY = "libc++";
				CLANG_ENABLE_MODULES = YES;
				CLANG_ENABLE_OBJC_ARC = YES;
				CLANG_ENABLE_OBJC_WEAK = YES;
				CLANG_WARN_BLOCK_CAPTURE_AUTORELEASING = YES;
				CLANG_WARN_BOOL_CONVERSION = YES;
				CLANG_WARN_COMMA = YES;
				CLANG_WARN_CONSTANT_CONVERSION = YES;
				CLANG_WARN_DEPRECATED_OBJC_IMPLEMENTATIONS = YES;
				CLANG_WARN_DIRECT_OBJC_ISA_USAGE = YES_ERROR;
				CLANG_WARN_DOCUMENTATION_COMMENTS = YES;
				CLANG_WARN_EMPTY_BODY = YES;
				CLANG_WARN_ENUM_CONVERSION = YES;
				CLANG_WARN_INFINITE_RECURSION = YES;
				CLANG_WARN_INT_CONVERSION = YES;
				CLANG_WARN_NON_LITERAL_NULL_CONVERSION = YES;
				CLANG_WARN_OBJC_IMPLICIT_RETAIN_SELF = YES;
				CLANG_WARN_OBJC_LITERAL_CONVERSION = YES;
				CLANG_WARN_OBJC_ROOT_CLASS = YES_ERROR;
				CLANG_WARN_QUOTED_INCLUDE_IN_FRAMEWORK_HEADER = YES;
				CLANG_WARN_RANGE_LOOP_ANALYSIS = YES;
				CLANG_WARN_STRICT_PROTOTYPES = YES;
				CLANG_WARN_SUSPICIOUS_MOVE = YES;
				CLANG_WARN_UNGUARDED_AVAILABILITY = YES_AGGRESSIVE;
				CLANG_WARN_UNREACHABLE_CODE = YES;
				CLANG_WARN__DUPLICATE_METHOD_MATCH = YES;
				COPY_PHASE_STRIP = NO;
				DEBUG_INFORMATION_FORMAT = "dwarf-with-dsym";
				ENABLE_NS_ASSERTIONS = NO;
				ENABLE_STRICT_OBJC_MSGSEND = YES;
				GCC_C_LANGUAGE_STANDARD = gnu11;
				GCC_NO_COMMON_BLOCKS = YES;
				GCC_WARN_64_TO_32_BIT_CONVERSION = YES;
				GCC_WARN_ABOUT_RETURN_TYPE = YES_ERROR;
				GCC_WARN_UNDECLARED_SELECTOR = YES;
				GCC_WARN_UNINITIALIZED_AUTOS = YES_AGGRESSIVE;
				GCC_WARN_UNUSED_FUNCTION = YES;
				GCC_WARN_UNUSED_VARIABLE = YES;
				IPHONEOS_DEPLOYMENT_TARGET = 14.0;
				MTL_ENABLE_DEBUG_INFO = NO;
				MTL_FAST_MATH = YES;
				SDKROOT = iphoneos;
				SWIFT_COMPILATION_MODE = wholemodule;
				SWIFT_OPTIMIZATION_LEVEL = "-O";
				VALIDATE_PRODUCT = YES;
			};
			name = Release;
		};
		526383F02531785600B51FCD /* Debug */ = {
			isa = XCBuildConfiguration;
			buildSettings = {
				ASSETCATALOG_COMPILER_APPICON_NAME = AppIcon;
				ASSETCATALOG_COMPILER_GLOBAL_ACCENT_COLOR_NAME = AccentColor;
				CODE_SIGN_STYLE = Automatic;
				DEVELOPMENT_TEAM = NVYNUA4F7Z;
				INFOPLIST_FILE = WeatherApp2.0/Info.plist;
				LD_RUNPATH_SEARCH_PATHS = (
					"$(inherited)",
					"@executable_path/Frameworks",
				);
				PRODUCT_BUNDLE_IDENTIFIER = "dev.magme.WeatherApp2-0";
				PRODUCT_NAME = "$(TARGET_NAME)";
				SWIFT_VERSION = 5.0;
				TARGETED_DEVICE_FAMILY = "1,2";
			};
			name = Debug;
		};
		526383F12531785600B51FCD /* Release */ = {
			isa = XCBuildConfiguration;
			buildSettings = {
				ASSETCATALOG_COMPILER_APPICON_NAME = AppIcon;
				ASSETCATALOG_COMPILER_GLOBAL_ACCENT_COLOR_NAME = AccentColor;
				CODE_SIGN_STYLE = Automatic;
				DEVELOPMENT_TEAM = NVYNUA4F7Z;
				INFOPLIST_FILE = WeatherApp2.0/Info.plist;
				LD_RUNPATH_SEARCH_PATHS = (
					"$(inherited)",
					"@executable_path/Frameworks",
				);
				PRODUCT_BUNDLE_IDENTIFIER = "dev.magme.WeatherApp2-0";
				PRODUCT_NAME = "$(TARGET_NAME)";
				SWIFT_VERSION = 5.0;
				TARGETED_DEVICE_FAMILY = "1,2";
			};
			name = Release;
		};
		526383F32531785600B51FCD /* Debug */ = {
			isa = XCBuildConfiguration;
			buildSettings = {
				ALWAYS_EMBED_SWIFT_STANDARD_LIBRARIES = YES;
				BUNDLE_LOADER = "$(TEST_HOST)";
				CODE_SIGN_STYLE = Automatic;
				DEVELOPMENT_TEAM = NVYNUA4F7Z;
				INFOPLIST_FILE = WeatherApp2.0Tests/Info.plist;
				IPHONEOS_DEPLOYMENT_TARGET = 14.0;
				LD_RUNPATH_SEARCH_PATHS = (
					"$(inherited)",
					"@executable_path/Frameworks",
					"@loader_path/Frameworks",
				);
				PRODUCT_BUNDLE_IDENTIFIER = "dev.magme.WeatherApp2-0Tests";
				PRODUCT_NAME = "$(TARGET_NAME)";
				SWIFT_VERSION = 5.0;
				TARGETED_DEVICE_FAMILY = "1,2";
				TEST_HOST = "$(BUILT_PRODUCTS_DIR)/WeatherApp2.0.app/WeatherApp2.0";
			};
			name = Debug;
		};
		526383F42531785600B51FCD /* Release */ = {
			isa = XCBuildConfiguration;
			buildSettings = {
				ALWAYS_EMBED_SWIFT_STANDARD_LIBRARIES = YES;
				BUNDLE_LOADER = "$(TEST_HOST)";
				CODE_SIGN_STYLE = Automatic;
				DEVELOPMENT_TEAM = NVYNUA4F7Z;
				INFOPLIST_FILE = WeatherApp2.0Tests/Info.plist;
				IPHONEOS_DEPLOYMENT_TARGET = 14.0;
				LD_RUNPATH_SEARCH_PATHS = (
					"$(inherited)",
					"@executable_path/Frameworks",
					"@loader_path/Frameworks",
				);
				PRODUCT_BUNDLE_IDENTIFIER = "dev.magme.WeatherApp2-0Tests";
				PRODUCT_NAME = "$(TARGET_NAME)";
				SWIFT_VERSION = 5.0;
				TARGETED_DEVICE_FAMILY = "1,2";
				TEST_HOST = "$(BUILT_PRODUCTS_DIR)/WeatherApp2.0.app/WeatherApp2.0";
			};
			name = Release;
		};
		526383F62531785600B51FCD /* Debug */ = {
			isa = XCBuildConfiguration;
			buildSettings = {
				ALWAYS_EMBED_SWIFT_STANDARD_LIBRARIES = YES;
				CODE_SIGN_STYLE = Automatic;
				DEVELOPMENT_TEAM = NVYNUA4F7Z;
				INFOPLIST_FILE = WeatherApp2.0UITests/Info.plist;
				LD_RUNPATH_SEARCH_PATHS = (
					"$(inherited)",
					"@executable_path/Frameworks",
					"@loader_path/Frameworks",
				);
				PRODUCT_BUNDLE_IDENTIFIER = "dev.magme.WeatherApp2-0UITests";
				PRODUCT_NAME = "$(TARGET_NAME)";
				SWIFT_VERSION = 5.0;
				TARGETED_DEVICE_FAMILY = "1,2";
				TEST_TARGET_NAME = WeatherApp2.0;
			};
			name = Debug;
		};
		526383F72531785600B51FCD /* Release */ = {
			isa = XCBuildConfiguration;
			buildSettings = {
				ALWAYS_EMBED_SWIFT_STANDARD_LIBRARIES = YES;
				CODE_SIGN_STYLE = Automatic;
				DEVELOPMENT_TEAM = NVYNUA4F7Z;
				INFOPLIST_FILE = WeatherApp2.0UITests/Info.plist;
				LD_RUNPATH_SEARCH_PATHS = (
					"$(inherited)",
					"@executable_path/Frameworks",
					"@loader_path/Frameworks",
				);
				PRODUCT_BUNDLE_IDENTIFIER = "dev.magme.WeatherApp2-0UITests";
				PRODUCT_NAME = "$(TARGET_NAME)";
				SWIFT_VERSION = 5.0;
				TARGETED_DEVICE_FAMILY = "1,2";
				TEST_TARGET_NAME = WeatherApp2.0;
			};
			name = Release;
		};
/* End XCBuildConfiguration section */

/* Begin XCConfigurationList section */
		526383C02531784E00B51FCD /* Build configuration list for PBXProject "WeatherApp2.0" */ = {
			isa = XCConfigurationList;
			buildConfigurations = (
				526383ED2531785600B51FCD /* Debug */,
				526383EE2531785600B51FCD /* Release */,
			);
			defaultConfigurationIsVisible = 0;
			defaultConfigurationName = Release;
		};
		526383EF2531785600B51FCD /* Build configuration list for PBXNativeTarget "WeatherApp2.0" */ = {
			isa = XCConfigurationList;
			buildConfigurations = (
				526383F02531785600B51FCD /* Debug */,
				526383F12531785600B51FCD /* Release */,
			);
			defaultConfigurationIsVisible = 0;
			defaultConfigurationName = Release;
		};
		526383F22531785600B51FCD /* Build configuration list for PBXNativeTarget "WeatherApp2.0Tests" */ = {
			isa = XCConfigurationList;
			buildConfigurations = (
				526383F32531785600B51FCD /* Debug */,
				526383F42531785600B51FCD /* Release */,
			);
			defaultConfigurationIsVisible = 0;
			defaultConfigurationName = Release;
		};
		526383F52531785600B51FCD /* Build configuration list for PBXNativeTarget "WeatherApp2.0UITests" */ = {
			isa = XCConfigurationList;
			buildConfigurations = (
				526383F62531785600B51FCD /* Debug */,
				526383F72531785600B51FCD /* Release */,
			);
			defaultConfigurationIsVisible = 0;
			defaultConfigurationName = Release;
		};
/* End XCConfigurationList section */
	};
	rootObject = 526383BD2531784E00B51FCD /* Project object */;
}
